{
  "name": "@firstsales.io/cli",
  "version": "0.1.9",
  "lockfileVersion": 3,
  "requires": true,
  "packages": {
    "": {
      "name": "@firstsales.io/cli",
      "version": "0.1.9",
      "license": "UNLICENSED",
      "bin": {
        "firstsales": "bin/firstsales.js"
      },
      "engines": {
        "node": ">=20"
      }
    }
  }
}
